
Microsoft Visual Studio Solution File, Format Version 12.00
# Visual Studio Version 16
VisualStudioVersion = 16.0.30225.117
MinimumVisualStudioVersion = 10.0.40219.1
Project("{9A19103F-16F7-4668-BE54-9A1E7A4F7556}") = "TrickleToTide.Common", "TrickleToTide.Common\TrickleToTide.Common.csproj", "{2CA743CF-A868-49C1-B8CD-DAADD341CF3C}"
EndProject
Project("{2150E333-8FDC-42A3-9474-1A3956D46DE8}") = "Mobile", "Mobile", "{BF8115A7-A848-45DA-BAD3-BA0E326EA537}"
EndProject
Project("{2150E333-8FDC-42A3-9474-1A3956D46DE8}") = "Solution Items", "Solution Items", "{8678CD1E-7549-4B3B-83AB-8BA7239D7621}"
	ProjectSection(SolutionItems) = preProject
		readme.md = readme.md
	EndProjectSection
EndProject
Project("{9A19103F-16F7-4668-BE54-9A1E7A4F7556}") = "TrickleToTide.Mobile", "Mobile\TrickleToTide.Mobile\TrickleToTide.Mobile.csproj", "{AF5D05A8-6CE0-4BC1-AB4A-74A34E1680F7}"
EndProject
Project("{FAE04EC0-301F-11D3-BF4B-00C04F79EFBC}") = "TrickleToTide.Mobile.Android", "Mobile\TrickleToTide.Mobile.Android\TrickleToTide.Mobile.Android.csproj", "{A75E287B-8F73-434A-8587-B32E98E8AD66}"
EndProject
Project("{9A19103F-16F7-4668-BE54-9A1E7A4F7556}") = "TrickleToTide.Api", "Api\TrickleToTide.Api\TrickleToTide.Api.csproj", "{BB7D1D1B-9BCA-4B79-968D-FDF51B7242EC}"
EndProject
Project("{2150E333-8FDC-42A3-9474-1A3956D46DE8}") = "Api", "Api", "{CC1BC03F-31D1-4F09-8E56-8DC86701DB4F}"
EndProject
Project("{2150E333-8FDC-42A3-9474-1A3956D46DE8}") = "workflows", "workflows", "{742DA0A1-7842-416C-8122-530F826E83C1}"
	ProjectSection(SolutionItems) = preProject
		.github\workflows\deploy-api.yml = .github\workflows\deploy-api.yml
	EndProjectSection
EndProject
Global
	GlobalSection(SolutionConfigurationPlatforms) = preSolution
		Debug|Any CPU = Debug|Any CPU
		Release|Any CPU = Release|Any CPU
	EndGlobalSection
	GlobalSection(ProjectConfigurationPlatforms) = postSolution
		{2CA743CF-A868-49C1-B8CD-DAADD341CF3C}.Debug|Any CPU.ActiveCfg = Debug|Any CPU
		{2CA743CF-A868-49C1-B8CD-DAADD341CF3C}.Debug|Any CPU.Build.0 = Debug|Any CPU
		{2CA743CF-A868-49C1-B8CD-DAADD341CF3C}.Release|Any CPU.ActiveCfg = Release|Any CPU
		{2CA743CF-A868-49C1-B8CD-DAADD341CF3C}.Release|Any CPU.Build.0 = Release|Any CPU
		{AF5D05A8-6CE0-4BC1-AB4A-74A34E1680F7}.Debug|Any CPU.ActiveCfg = Debug|Any CPU
		{AF5D05A8-6CE0-4BC1-AB4A-74A34E1680F7}.Debug|Any CPU.Build.0 = Debug|Any CPU
		{AF5D05A8-6CE0-4BC1-AB4A-74A34E1680F7}.Release|Any CPU.ActiveCfg = Release|Any CPU
		{AF5D05A8-6CE0-4BC1-AB4A-74A34E1680F7}.Release|Any CPU.Build.0 = Release|Any CPU
		{A75E287B-8F73-434A-8587-B32E98E8AD66}.Debug|Any CPU.ActiveCfg = Debug|Any CPU
		{A75E287B-8F73-434A-8587-B32E98E8AD66}.Debug|Any CPU.Build.0 = Debug|Any CPU
		{A75E287B-8F73-434A-8587-B32E98E8AD66}.Debug|Any CPU.Deploy.0 = Debug|Any CPU
		{A75E287B-8F73-434A-8587-B32E98E8AD66}.Release|Any CPU.ActiveCfg = Release|Any CPU
		{A75E287B-8F73-434A-8587-B32E98E8AD66}.Release|Any CPU.Build.0 = Release|Any CPU
		{A75E287B-8F73-434A-8587-B32E98E8AD66}.Release|Any CPU.Deploy.0 = Release|Any CPU
		{BB7D1D1B-9BCA-4B79-968D-FDF51B7242EC}.Debug|Any CPU.ActiveCfg = Debug|Any CPU
		{BB7D1D1B-9BCA-4B79-968D-FDF51B7242EC}.Debug|Any CPU.Build.0 = Debug|Any CPU
		{BB7D1D1B-9BCA-4B79-968D-FDF51B7242EC}.Release|Any CPU.ActiveCfg = Release|Any CPU
		{BB7D1D1B-9BCA-4B79-968D-FDF51B7242EC}.Release|Any CPU.Build.0 = Release|Any CPU
	EndGlobalSection
	GlobalSection(SolutionProperties) = preSolution
		HideSolutionNode = FALSE
	EndGlobalSection
	GlobalSection(NestedProjects) = preSolution
		{AF5D05A8-6CE0-4BC1-AB4A-74A34E1680F7} = {BF8115A7-A848-45DA-BAD3-BA0E326EA537}
		{A75E287B-8F73-434A-8587-B32E98E8AD66} = {BF8115A7-A848-45DA-BAD3-BA0E326EA537}
		{BB7D1D1B-9BCA-4B79-968D-FDF51B7242EC} = {CC1BC03F-31D1-4F09-8E56-8DC86701DB4F}
		{742DA0A1-7842-416C-8122-530F826E83C1} = {8678CD1E-7549-4B3B-83AB-8BA7239D7621}
	EndGlobalSection
	GlobalSection(ExtensibilityGlobals) = postSolution
		SolutionGuid = {67FED838-7F0E-4DD1-A028-444D5F30DBC2}
	EndGlobalSection
EndGlobal
